// !$*UTF8*$!
{
	archiveVersion = 1;
	classes = {
	};
	objectVersion = 46;
	objects = {

/* Begin PBXBuildFile section */
		A00AF56A1E269499009175B5 /* AppDelegate.swift in Sources */ = {isa = PBXBuildFile; fileRef = A00AF5691E269499009175B5 /* AppDelegate.swift */; };
		A00AF56C1E269499009175B5 /* ViewController.swift in Sources */ = {isa = PBXBuildFile; fileRef = A00AF56B1E269499009175B5 /* ViewController.swift */; };
		A00AF56F1E269499009175B5 /* Main.storyboard in Resources */ = {isa = PBXBuildFile; fileRef = A00AF56D1E269499009175B5 /* Main.storyboard */; };
		A00AF5711E269499009175B5 /* Assets.xcassets in Resources */ = {isa = PBXBuildFile; fileRef = A00AF5701E269499009175B5 /* Assets.xcassets */; };
		A00AF5741E269499009175B5 /* LaunchScreen.storyboard in Resources */ = {isa = PBXBuildFile; fileRef = A00AF5721E269499009175B5 /* LaunchScreen.storyboard */; };
		A00AF57F1E269499009175B5 /* CalificateTests.swift in Sources */ = {isa = PBXBuildFile; fileRef = A00AF57E1E269499009175B5 /* CalificateTests.swift */; };
		A00AF58A1E269499009175B5 /* CalificateUITests.swift in Sources */ = {isa = PBXBuildFile; fileRef = A00AF5891E269499009175B5 /* CalificateUITests.swift */; };
/* End PBXBuildFile section */

/* Begin PBXContainerItemProxy section */
		A00AF57B1E269499009175B5 /* PBXContainerItemProxy */ = {
			isa = PBXContainerItemProxy;
			containerPortal = A00AF55E1E269499009175B5 /* Project object */;
			proxyType = 1;
			remoteGlobalIDString = A00AF5651E269499009175B5;
			remoteInfo = Calificate;
		};
		A00AF5861E269499009175B5 /* PBXContainerItemProxy */ = {
			isa = PBXContainerItemProxy;
			containerPortal = A00AF55E1E269499009175B5 /* Project object */;
			proxyType = 1;
			remoteGlobalIDString = A00AF5651E269499009175B5;
			remoteInfo = Calificate;
		};
/* End PBXContainerItemProxy section */

/* Begin PBXFileReference section */
		A00AF5661E269499009175B5 /* Calificate.app */ = {isa = PBXFileReference; explicitFileType = wrapper.application; includeInIndex = 0; path = Calificate.app; sourceTree = BUILT_PRODUCTS_DIR; };
		A00AF5691E269499009175B5 /* AppDelegate.swift */ = {isa = PBXFileReference; lastKnownFileType = sourcecode.swift; path = AppDelegate.swift; sourceTree = "<group>"; };
		A00AF56B1E269499009175B5 /* ViewController.swift */ = {isa = PBXFileReference; lastKnownFileType = sourcecode.swift; path = ViewController.swift; sourceTree = "<group>"; };
		A00AF56E1E269499009175B5 /* Base */ = {isa = PBXFileReference; lastKnownFileType = file.storyboard; name = Base; path = Base.lproj/Main.storyboard; sourceTree = "<group>"; };
		A00AF5701E269499009175B5 /* Assets.xcassets */ = {isa = PBXFileReference; lastKnownFileType = folder.assetcatalog; path = Assets.xcassets; sourceTree = "<group>"; };
		A00AF5731E269499009175B5 /* Base */ = {isa = PBXFileReference; lastKnownFileType = file.storyboard; name = Base; path = Base.lproj/LaunchScreen.storyboard; sourceTree = "<group>"; };
		A00AF5751E269499009175B5 /* Info.plist */ = {isa = PBXFileReference; lastKnownFileType = text.plist.xml; path = Info.plist; sourceTree = "<group>"; };
		A00AF57A1E269499009175B5 /* CalificateTests.xctest */ = {isa = PBXFileReference; explicitFileType = wrapper.cfbundle; includeInIndex = 0; path = CalificateTests.xctest; sourceTree = BUILT_PRODUCTS_DIR; };
		A00AF57E1E269499009175B5 /* CalificateTests.swift */ = {isa = PBXFileReference; lastKnownFileType = sourcecode.swift; path = CalificateTests.swift; sourceTree = "<group>"; };
		A00AF5801E269499009175B5 /* Info.plist */ = {isa = PBXFileReference; lastKnownFileType = text.plist.xml; path = Info.plist; sourceTree = "<group>"; };
		A00AF5851E269499009175B5 /* CalificateUITests.xctest */ = {isa = PBXFileReference; explicitFileType = wrapper.cfbundle; includeInIndex = 0; path = CalificateUITests.xctest; sourceTree = BUILT_PRODUCTS_DIR; };
		A00AF5891E269499009175B5 /* CalificateUITests.swift */ = {isa = PBXFileReference; lastKnownFileType = sourcecode.swift; path = CalificateUITests.swift; sourceTree = "<group>"; };
		A00AF58B1E269499009175B5 /* Info.plist */ = {isa = PBXFileReference; lastKnownFileType = text.plist.xml; path = Info.plist; sourceTree = "<group>"; };
/* End PBXFileReference section */

/* Begin PBXFrameworksBuildPhase section */
		A00AF5631E269499009175B5 /* Frameworks */ = {
			isa = PBXFrameworksBuildPhase;
			buildActionMask = 2147483647;
			files = (
			);
			runOnlyForDeploymentPostprocessing = 0;
		};
		A00AF5771E269499009175B5 /* Frameworks */ = {
			isa = PBXFrameworksBuildPhase;
			buildActionMask = 2147483647;
			files = (
			);
			runOnlyForDeploymentPostprocessing = 0;
		};
		A00AF5821E269499009175B5 /* Frameworks */ = {
			isa = PBXFrameworksBuildPhase;
			buildActionMask = 2147483647;
			files = (
			);
			runOnlyForDeploymentPostprocessing = 0;
		};
/* End PBXFrameworksBuildPhase section */

/* Begin PBXGroup section */
		A00AF55D1E269499009175B5 = {
			isa = PBXGroup;
			children = (
				A00AF5681E269499009175B5 /* Calificate */,
				A00AF57D1E269499009175B5 /* CalificateTests */,
				A00AF5881E269499009175B5 /* CalificateUITests */,
				A00AF5671E269499009175B5 /* Products */,
			);
			sourceTree = "<group>";
		};
		A00AF5671E269499009175B5 /* Products */ = {
			isa = PBXGroup;
			children = (
				A00AF5661E269499009175B5 /* Calificate.app */,
				A00AF57A1E269499009175B5 /* CalificateTests.xctest */,
				A00AF5851E269499009175B5 /* CalificateUITests.xctest */,
			);
			name = Products;
			sourceTree = "<group>";
		};
		A00AF5681E269499009175B5 /* Calificate */ = {
			isa = PBXGroup;
			children = (
				A00AF5691E269499009175B5 /* AppDelegate.swift */,
				A00AF56B1E269499009175B5 /* ViewController.swift */,
				A00AF56D1E269499009175B5 /* Main.storyboard */,
				A00AF5701E269499009175B5 /* Assets.xcassets */,
				A00AF5721E269499009175B5 /* LaunchScreen.storyboard */,
				A00AF5751E269499009175B5 /* Info.plist */,
			);
			path = Calificate;
			sourceTree = "<group>";
		};
		A00AF57D1E269499009175B5 /* CalificateTests */ = {
			isa = PBXGroup;
			children = (
				A00AF57E1E269499009175B5 /* CalificateTests.swift */,
				A00AF5801E269499009175B5 /* Info.plist */,
			);
			path = CalificateTests;
			sourceTree = "<group>";
		};
		A00AF5881E269499009175B5 /* CalificateUITests */ = {
			isa = PBXGroup;
			children = (
				A00AF5891E269499009175B5 /* CalificateUITests.swift */,
				A00AF58B1E269499009175B5 /* Info.plist */,
			);
			path = CalificateUITests;
			sourceTree = "<group>";
		};
/* End PBXGroup section */

/* Begin PBXNativeTarget section */
		A00AF5651E269499009175B5 /* Calificate */ = {
			isa = PBXNativeTarget;
			buildConfigurationList = A00AF58E1E269499009175B5 /* Build configuration list for PBXNativeTarget "Calificate" */;
			buildPhases = (
				A00AF5621E269499009175B5 /* Sources */,
				A00AF5631E269499009175B5 /* Frameworks */,
				A00AF5641E269499009175B5 /* Resources */,
			);
			buildRules = (
			);
			dependencies = (
			);
			name = Calificate;
			productName = Calificate;
			productReference = A00AF5661E269499009175B5 /* Calificate.app */;
			productType = "com.apple.product-type.application";
		};
		A00AF5791E269499009175B5 /* CalificateTests */ = {
			isa = PBXNativeTarget;
			buildConfigurationList = A00AF5911E269499009175B5 /* Build configuration list for PBXNativeTarget "CalificateTests" */;
			buildPhases = (
				A00AF5761E269499009175B5 /* Sources */,
				A00AF5771E269499009175B5 /* Frameworks */,
				A00AF5781E269499009175B5 /* Resources */,
			);
			buildRules = (
			);
			dependencies = (
				A00AF57C1E269499009175B5 /* PBXTargetDependency */,
			);
			name = CalificateTests;
			productName = CalificateTests;
			productReference = A00AF57A1E269499009175B5 /* CalificateTests.xctest */;
			productType = "com.apple.product-type.bundle.unit-test";
		};
		A00AF5841E269499009175B5 /* CalificateUITests */ = {
			isa = PBXNativeTarget;
			buildConfigurationList = A00AF5941E269499009175B5 /* Build configuration list for PBXNativeTarget "CalificateUITests" */;
			buildPhases = (
				A00AF5811E269499009175B5 /* Sources */,
				A00AF5821E269499009175B5 /* Frameworks */,
				A00AF5831E269499009175B5 /* Resources */,
			);
			buildRules = (
			);
			dependencies = (
				A00AF5871E269499009175B5 /* PBXTargetDependency */,
			);
			name = CalificateUITests;
			productName = CalificateUITests;
			productReference = A00AF5851E269499009175B5 /* CalificateUITests.xctest */;
			productType = "com.apple.product-type.bundle.ui-testing";
		};
/* End PBXNativeTarget section */

/* Begin PBXProject section */
		A00AF55E1E269499009175B5 /* Project object */ = {
			isa = PBXProject;
			attributes = {
				LastSwiftUpdateCheck = 0820;
				LastUpgradeCheck = 0820;
				ORGANIZATIONNAME = CEO;
				TargetAttributes = {
					A00AF5651E269499009175B5 = {
						CreatedOnToolsVersion = 8.2.1;
						DevelopmentTeam = 25PT4M6QRZ;
						ProvisioningStyle = Automatic;
					};
					A00AF5791E269499009175B5 = {
						CreatedOnToolsVersion = 8.2.1;
						ProvisioningStyle = Automatic;
						TestTargetID = A00AF5651E269499009175B5;
					};
					A00AF5841E269499009175B5 = {
						CreatedOnToolsVersion = 8.2.1;
						ProvisioningStyle = Automatic;
						TestTargetID = A00AF5651E269499009175B5;
					};
				};
			};
			buildConfigurationList = A00AF5611E269499009175B5 /* Build configuration list for PBXProject "Calificate" */;
			compatibilityVersion = "Xcode 3.2";
			developmentRegion = English;
			hasScannedForEncodings = 0;
			knownRegions = (
				en,
				Base,
			);
			mainGroup = A00AF55D1E269499009175B5;
			productRefGroup = A00AF5671E269499009175B5 /* Products */;
			projectDirPath = "";
			projectRoot = "";
			targets = (
				A00AF5651E269499009175B5 /* Calificate */,
				A00AF5791E269499009175B5 /* CalificateTests */,
				A00AF5841E269499009175B5 /* CalificateUITests */,
			);
		};
/* End PBXProject section */

/* Begin PBXResourcesBuildPhase section */
		A00AF5641E269499009175B5 /* Resources */ = {
			isa = PBXResourcesBuildPhase;
			buildActionMask = 2147483647;
			files = (
				A00AF5741E269499009175B5 /* LaunchScreen.storyboard in Resources */,
				A00AF5711E269499009175B5 /* Assets.xcassets in Resources */,
				A00AF56F1E269499009175B5 /* Main.storyboard in Resources */,
			);
			runOnlyForDeploymentPostprocessing = 0;
		};
		A00AF5781E269499009175B5 /* Resources */ = {
			isa = PBXResourcesBuildPhase;
			buildActionMask = 2147483647;
			files = (
			);
			runOnlyForDeploymentPostprocessing = 0;
		};
		A00AF5831E269499009175B5 /* Resources */ = {
			isa = PBXResourcesBuildPhase;
			buildActionMask = 2147483647;
			files = (
			);
			runOnlyForDeploymentPostprocessing = 0;
		};
/* End PBXResourcesBuildPhase section */

/* Begin PBXSourcesBuildPhase section */
		A00AF5621E269499009175B5 /* Sources */ = {
			isa = PBXSourcesBuildPhase;
			buildActionMask = 2147483647;
			files = (
				A00AF56C1E269499009175B5 /* ViewController.swift in Sources */,
				A00AF56A1E269499009175B5 /* AppDelegate.swift in Sources */,
			);
			runOnlyForDeploymentPostprocessing = 0;
		};
		A00AF5761E269499009175B5 /* Sources */ = {
			isa = PBXSourcesBuildPhase;
			buildActionMask = 2147483647;
			files = (
				A00AF57F1E269499009175B5 /* CalificateTests.swift in Sources */,
			);
			runOnlyForDeploymentPostprocessing = 0;
		};
		A00AF5811E269499009175B5 /* Sources */ = {
			isa = PBXSourcesBuildPhase;
			buildActionMask = 2147483647;
			files = (
				A00AF58A1E269499009175B5 /* CalificateUITests.swift in Sources */,
			);
			runOnlyForDeploymentPostprocessing = 0;
		};
/* End PBXSourcesBuildPhase section */

/* Begin PBXTargetDependency section */
		A00AF57C1E269499009175B5 /* PBXTargetDependency */ = {
			isa = PBXTargetDependency;
			target = A00AF5651E269499009175B5 /* Calificate */;
			targetProxy = A00AF57B1E269499009175B5 /* PBXContainerItemProxy */;
		};
		A00AF5871E269499009175B5 /* PBXTargetDependency */ = {
			isa = PBXTargetDependency;
			target = A00AF5651E269499009175B5 /* Calificate */;
			targetProxy = A00AF5861E269499009175B5 /* PBXContainerItemProxy */;
		};
/* End PBXTargetDependency section */

/* Begin PBXVariantGroup section */
		A00AF56D1E269499009175B5 /* Main.storyboard */ = {
			isa = PBXVariantGroup;
			children = (
				A00AF56E1E269499009175B5 /* Base */,
			);
			name = Main.storyboard;
			sourceTree = "<group>";
		};
		A00AF5721E269499009175B5 /* LaunchScreen.storyboard */ = {
			isa = PBXVariantGroup;
			children = (
				A00AF5731E269499009175B5 /* Base */,
			);
			name = LaunchScreen.storyboard;
			sourceTree = "<group>";
		};
/* End PBXVariantGroup section */

/* Begin XCBuildConfiguration section */
		A00AF58C1E269499009175B5 /* Debug */ = {
			isa = XCBuildConfiguration;
			buildSettings = {
				ALWAYS_SEARCH_USER_PATHS = NO;
				CLANG_ANALYZER_NONNULL = YES;
				CLANG_CXX_LANGUAGE_STANDARD = "gnu++0x";
				CLANG_CXX_LIBRARY = "libc++";
				CLANG_ENABLE_MODULES = YES;
				CLANG_ENABLE_OBJC_ARC = YES;
				CLANG_WARN_BOOL_CONVERSION = YES;
				CLANG_WARN_CONSTANT_CONVERSION = YES;
				CLANG_WARN_DIRECT_OBJC_ISA_USAGE = YES_ERROR;
				CLANG_WARN_DOCUMENTATION_COMMENTS = YES;
				CLANG_WARN_EMPTY_BODY = YES;
				CLANG_WARN_ENUM_CONVERSION = YES;
				CLANG_WARN_INFINITE_RECURSION = YES;
				CLANG_WARN_INT_CONVERSION = YES;
				CLANG_WARN_OBJC_ROOT_CLASS = YES_ERROR;
				CLANG_WARN_SUSPICIOUS_MOVE = YES;
				CLANG_WARN_UNREACHABLE_CODE = YES;
				CLANG_WARN__DUPLICATE_METHOD_MATCH = YES;
				"CODE_SIGN_IDENTITY[sdk=iphoneos*]" = "iPhone Developer";
				COPY_PHASE_STRIP = NO;
				DEBUG_INFORMATION_FORMAT = dwarf;
				ENABLE_STRICT_OBJC_MSGSEND = YES;
				ENABLE_TESTABILITY = YES;
				GCC_C_LANGUAGE_STANDARD = gnu99;
				GCC_DYNAMIC_NO_PIC = NO;
				GCC_NO_COMMON_BLOCKS = YES;
				GCC_OPTIMIZATION_LEVEL = 0;
				GCC_PREPROCESSOR_DEFINITIONS = (
					"DEBUG=1",
					"$(inherited)",
				);
				GCC_WARN_64_TO_32_BIT_CONVERSION = YES;
				GCC_WARN_ABOUT_RETURN_TYPE = YES_ERROR;
				GCC_WARN_UNDECLARED_SELECTOR = YES;
				GCC_WARN_UNINITIALIZED_AUTOS = YES_AGGRESSIVE;
				GCC_WARN_UNUSED_FUNCTION = YES;
				GCC_WARN_UNUSED_VARIABLE = YES;
				IPHONEOS_DEPLOYMENT_TARGET = 10.2;
				MTL_ENABLE_DEBUG_INFO = YES;
				ONLY_ACTIVE_ARCH = YES;
				SDKROOT = iphoneos;
				SWIFT_ACTIVE_COMPILATION_CONDITIONS = DEBUG;
				SWIFT_OPTIMIZATION_LEVEL = "-Onone";
				TARGETED_DEVICE_FAMILY = "1,2";
			};
			name = Debug;
		};
		A00AF58D1E269499009175B5 /* Release */ = {
			isa = XCBuildConfiguration;
			buildSettings = {
				ALWAYS_SEARCH_USER_PATHS = NO;
				CLANG_ANALYZER_NONNULL = YES;
				CLANG_CXX_LANGUAGE_STANDARD = "gnu++0x";
				CLANG_CXX_LIBRARY = "libc++";
				CLANG_ENABLE_MODULES = YES;
				CLANG_ENABLE_OBJC_ARC = YES;
				CLANG_WARN_BOOL_CONVERSION = YES;
				CLANG_WARN_CONSTANT_CONVERSION = YES;
				CLANG_WARN_DIRECT_OBJC_ISA_USAGE = YES_ERROR;
				CLANG_WARN_DOCUMENTATION_COMMENTS = YES;
				CLANG_WARN_EMPTY_BODY = YES;
				CLANG_WARN_ENUM_CONVERSION = YES;
				CLANG_WARN_INFINITE_RECURSION = YES;
				CLANG_WARN_INT_CONVERSION = YES;
				CLANG_WARN_OBJC_ROOT_CLASS = YES_ERROR;
				CLANG_WARN_SUSPICIOUS_MOVE = YES;
				CLANG_WARN_UNREACHABLE_CODE = YES;
				CLANG_WARN__DUPLICATE_METHOD_MATCH = YES;
				"CODE_SIGN_IDENTITY[sdk=iphoneos*]" = "iPhone Developer";
				COPY_PHASE_STRIP = NO;
				DEBUG_INFORMATION_FORMAT = "dwarf-with-dsym";
				ENABLE_NS_ASSERTIONS = NO;
				ENABLE_STRICT_OBJC_MSGSEND = YES;
				GCC_C_LANGUAGE_STANDARD = gnu99;
				GCC_NO_COMMON_BLOCKS = YES;
				GCC_WARN_64_TO_32_BIT_CONVERSION = YES;
				GCC_WARN_ABOUT_RETURN_TYPE = YES_ERROR;
				GCC_WARN_UNDECLARED_SELECTOR = YES;
				GCC_WARN_UNINITIALIZED_AUTOS = YES_AGGRESSIVE;
				GCC_WARN_UNUSED_FUNCTION = YES;
				GCC_WARN_UNUSED_VARIABLE = YES;
				IPHONEOS_DEPLOYMENT_TARGET = 10.2;
				MTL_ENABLE_DEBUG_INFO = NO;
				SDKROOT = iphoneos;
				SWIFT_OPTIMIZATION_LEVEL = "-Owholemodule";
				TARGETED_DEVICE_FAMILY = "1,2";
				VALIDATE_PRODUCT = YES;
			};
			name = Release;
		};
		A00AF58F1E269499009175B5 /* Debug */ = {
			isa = XCBuildConfiguration;
			buildSettings = {
				ASSETCATALOG_COMPILER_APPICON_NAME = AppIcon;
				DEVELOPMENT_TEAM = 25PT4M6QRZ;
				INFOPLIST_FILE = Calificate/Info.plist;
				LD_RUNPATH_SEARCH_PATHS = "$(inherited) @executable_path/Frameworks";
				PRODUCT_BUNDLE_IDENTIFIER = com.ceo.Calificate;
				PRODUCT_NAME = "$(TARGET_NAME)";
				SWIFT_VERSION = 3.0;
			};
			name = Debug;
		};
		A00AF5901E269499009175B5 /* Release */ = {
			isa = XCBuildConfiguration;
			buildSettings = {
				ASSETCATALOG_COMPILER_APPICON_NAME = AppIcon;
				DEVELOPMENT_TEAM = 25PT4M6QRZ;
				INFOPLIST_FILE = Calificate/Info.plist;
				LD_RUNPATH_SEARCH_PATHS = "$(inherited) @executable_path/Frameworks";
				PRODUCT_BUNDLE_IDENTIFIER = com.ceo.Calificate;
				PRODUCT_NAME = "$(TARGET_NAME)";
				SWIFT_VERSION = 3.0;
			};
			name = Release;
		};
		A00AF5921E269499009175B5 /* Debug */ = {
			isa = XCBuildConfiguration;
			buildSettings = {
				ALWAYS_EMBED_SWIFT_STANDARD_LIBRARIES = YES;
				BUNDLE_LOADER = "$(TEST_HOST)";
				INFOPLIST_FILE = CalificateTests/Info.plist;
				LD_RUNPATH_SEARCH_PATHS = "$(inherited) @executable_path/Frameworks @loader_path/Frameworks";
				PRODUCT_BUNDLE_IDENTIFIER = com.ceo.CalificateTests;
				PRODUCT_NAME = "$(TARGET_NAME)";
				SWIFT_VERSION = 3.0;
				TEST_HOST = "$(BUILT_PRODUCTS_DIR)/Calificate.app/Calificate";
			};
			name = Debug;
		};
		A00AF5931E269499009175B5 /* Release */ = {
			isa = XCBuildConfiguration;
			buildSettings = {
				ALWAYS_EMBED_SWIFT_STANDARD_LIBRARIES = YES;
				BUNDLE_LOADER = "$(TEST_HOST)";
				INFOPLIST_FILE = CalificateTests/Info.plist;
				LD_RUNPATH_SEARCH_PATHS = "$(inherited) @executable_path/Frameworks @loader_path/Frameworks";
				PRODUCT_BUNDLE_IDENTIFIER = com.ceo.CalificateTests;
				PRODUCT_NAME = "$(TARGET_NAME)";
				SWIFT_VERSION = 3.0;
				TEST_HOST = "$(BUILT_PRODUCTS_DIR)/Calificate.app/Calificate";
			};
			name = Release;
		};
		A00AF5951E269499009175B5 /* Debug */ = {
			isa = XCBuildConfiguration;
			buildSettings = {
				ALWAYS_EMBED_SWIFT_STANDARD_LIBRARIES = YES;
				INFOPLIST_FILE = CalificateUITests/Info.plist;
				LD_RUNPATH_SEARCH_PATHS = "$(inherited) @executable_path/Frameworks @loader_path/Frameworks";
				PRODUCT_BUNDLE_IDENTIFIER = com.ceo.CalificateUITests;
				PRODUCT_NAME = "$(TARGET_NAME)";
				SWIFT_VERSION = 3.0;
				TEST_TARGET_NAME = Calificate;
			};
			name = Debug;
		};
		A00AF5961E269499009175B5 /* Release */ = {
			isa = XCBuildConfiguration;
			buildSettings = {
				ALWAYS_EMBED_SWIFT_STANDARD_LIBRARIES = YES;
				INFOPLIST_FILE = CalificateUITests/Info.plist;
				LD_RUNPATH_SEARCH_PATHS = "$(inherited) @executable_path/Frameworks @loader_path/Frameworks";
				PRODUCT_BUNDLE_IDENTIFIER = com.ceo.CalificateUITests;
				PRODUCT_NAME = "$(TARGET_NAME)";
				SWIFT_VERSION = 3.0;
				TEST_TARGET_NAME = Calificate;
			};
			name = Release;
		};
/* End XCBuildConfiguration section */

/* Begin XCConfigurationList section */
		A00AF5611E269499009175B5 /* Build configuration list for PBXProject "Calificate" */ = {
			isa = XCConfigurationList;
			buildConfigurations = (
				A00AF58C1E269499009175B5 /* Debug */,
				A00AF58D1E269499009175B5 /* Release */,
			);
			defaultConfigurationIsVisible = 0;
			defaultConfigurationName = Release;
		};
		A00AF58E1E269499009175B5 /* Build configuration list for PBXNativeTarget "Calificate" */ = {
			isa = XCConfigurationList;
			buildConfigurations = (
				A00AF58F1E269499009175B5 /* Debug */,
				A00AF5901E269499009175B5 /* Release */,
			);
			defaultConfigurationIsVisible = 0;
		};
		A00AF5911E269499009175B5 /* Build configuration list for PBXNativeTarget "CalificateTests" */ = {
			isa = XCConfigurationList;
			buildConfigurations = (
				A00AF5921E269499009175B5 /* Debug */,
				A00AF5931E269499009175B5 /* Release */,
			);
			defaultConfigurationIsVisible = 0;
		};
		A00AF5941E269499009175B5 /* Build configuration list for PBXNativeTarget "CalificateUITests" */ = {
			isa = XCConfigurationList;
			buildConfigurations = (
				A00AF5951E269499009175B5 /* Debug */,
				A00AF5961E269499009175B5 /* Release */,
			);
			defaultConfigurationIsVisible = 0;
		};
/* End XCConfigurationList section */
	};
	rootObject = A00AF55E1E269499009175B5 /* Project object */;
}
